# THIS IS AN AUTOGENERATED FILE. DO NOT EDIT THIS FILE DIRECTLY.
# yarn lockfile v1


assert@^2.0.0:
  version "2.0.0"
  resolved "https://registry.yarnpkg.com/assert/-/assert-2.0.0.tgz#95fc1c616d48713510680f2eaf2d10dd22e02d32"
  integrity sha512-se5Cd+js9dXJnu6Ag2JFc00t+HmHOen+8Q+L7O9zI0PqQXr20uk2J0XQqMxZEeo5U50o8Nvmmx7dZrl+Ufr35A==
  dependencies:
    es6-object-assign "^1.1.0"
    is-nan "^1.2.1"
    object-is "^1.0.1"
    util "^0.12.0"

bson@^1.1.1:
  version "1.1.3"
  resolved "https://registry.yarnpkg.com/bson/-/bson-1.1.3.tgz#aa82cb91f9a453aaa060d6209d0675114a8154d3"
  integrity sha512-TdiJxMVnodVS7r0BdL42y/pqC9cL2iKynVwA0Ho3qbsQYr428veL3l7BQyuqiw+Q5SqqoT0m4srSY/BlZ9AxXg==

cron@^1.7.2:
  version "1.7.2"
  resolved "https://registry.yarnpkg.com/cron/-/cron-1.7.2.tgz#2ea1f35c138a07edac2ac5af5084ed6fee5723db"
  integrity sha512-+SaJ2OfeRvfQqwXQ2kgr0Y5pzBR/lijf5OpnnaruwWnmI799JfWr2jN2ItOV9s3A/+TFOt6mxvKzQq5F0Jp6VQ==
  dependencies:
    moment-timezone "^0.5.x"

define-properties@^1.1.1, define-properties@^1.1.3:
  version "1.1.3"
  resolved "https://registry.yarnpkg.com/define-properties/-/define-properties-1.1.3.tgz#cf88da6cbee26fe6db7094f61d870cbd84cee9f1"
  integrity sha512-3MqfYKj2lLzdMSf8ZIZE/V+Zuy+BgD6f164e8K2w7dgnpKArBDerGYpM46IYYcjnkdPNMjPk9A6VFB8+3SKlXQ==
  dependencies:
    object-keys "^1.0.12"

es-abstract@^1.12.0:
  version "1.16.3"
  resolved "https://registry.yarnpkg.com/es-abstract/-/es-abstract-1.16.3.tgz#52490d978f96ff9f89ec15b5cf244304a5bca161"
  integrity sha512-WtY7Fx5LiOnSYgF5eg/1T+GONaGmpvpPdCpSnYij+U2gDTL0UPfWrhDw7b2IYb+9NQJsYpCA0wOQvZfsd6YwRw==
  dependencies:
    es-to-primitive "^1.2.1"
    function-bind "^1.1.1"
    has "^1.0.3"
    has-symbols "^1.0.1"
    is-callable "^1.1.4"
    is-regex "^1.0.4"
    object-inspect "^1.7.0"
    object-keys "^1.1.1"
    string.prototype.trimleft "^2.1.0"
    string.prototype.trimright "^2.1.0"

es-to-primitive@^1.2.1:
  version "1.2.1"
  resolved "https://registry.yarnpkg.com/es-to-primitive/-/es-to-primitive-1.2.1.tgz#e55cd4c9cdc188bcefb03b366c736323fc5c898a"
  integrity sha512-QCOllgZJtaUo9miYBcLChTUaHNjJF3PYs1VidD7AwiEj1kYxKeQTctLAezAOH5ZKRH0g2IgPn6KwB4IT8iRpvA==
  dependencies:
    is-callable "^1.1.4"
    is-date-object "^1.0.1"
    is-symbol "^1.0.2"

es6-object-assign@^1.1.0:
  version "1.1.0"
  resolved "https://registry.yarnpkg.com/es6-object-assign/-/es6-object-assign-1.1.0.tgz#c2c3582656247c39ea107cb1e6652b6f9f24523c"
  integrity sha1-wsNYJlYkfDnqEHyx5mUrb58kUjw=

function-bind@^1.1.1:
  version "1.1.1"
  resolved "https://registry.yarnpkg.com/function-bind/-/function-bind-1.1.1.tgz#a56899d3ea3c9bab874bb9773b7c5ede92f4895d"
  integrity sha512-yIovAzMX49sF8Yl58fSCWJ5svSLuaibPxXQJFLmBObTuCr0Mf1KiPopGM9NiFjiYBCbfaa2Fh6breQ6ANVTI0A==

has-symbols@^1.0.1:
  version "1.0.1"
  resolved "https://registry.yarnpkg.com/has-symbols/-/has-symbols-1.0.1.tgz#9f5214758a44196c406d9bd76cebf81ec2dd31e8"
  integrity sha512-PLcsoqu++dmEIZB+6totNFKq/7Do+Z0u4oT0zKOJNl3lYK6vGwwu2hjHs+68OEZbTjiUE9bgOABXbP/GvrS0Kg==

has@^1.0.1, has@^1.0.3:
  version "1.0.3"
  resolved "https://registry.yarnpkg.com/has/-/has-1.0.3.tgz#722d7cbfc1f6aa8241f16dd814e011e1f41e8796"
  integrity sha512-f2dvO0VU6Oej7RkWJGrehjbzMAjFp5/VKPp5tTpWIV4JHHZK1/BxbFRtf/siA2SWTe09caDmVtYYzWEIbBS4zw==
  dependencies:
    function-bind "^1.1.1"

inherits@^2.0.3:
  version "2.0.4"
  resolved "https://registry.yarnpkg.com/inherits/-/inherits-2.0.4.tgz#0fa2c64f932917c3433a0ded55363aae37416b7c"
  integrity sha512-k/vGaX4/Yla3WzyMCvTQOXYeIHvqOKtnqBduzTHpzpQZzAskKMhZ2K+EnBiSM9zGSoIFeMpXKxa4dYeZIQqewQ==

is-arguments@^1.0.4:
  version "1.0.4"
  resolved "https://registry.yarnpkg.com/is-arguments/-/is-arguments-1.0.4.tgz#3faf966c7cba0ff437fb31f6250082fcf0448cf3"
  integrity sha512-xPh0Rmt8NE65sNzvyUmWgI1tz3mKq74lGA0mL8LYZcoIzKOzDh6HmrYm3d18k60nHerC8A9Km8kYu87zfSFnLA==

is-callable@^1.1.4:
  version "1.1.4"
  resolved "https://registry.yarnpkg.com/is-callable/-/is-callable-1.1.4.tgz#1e1adf219e1eeb684d691f9d6a05ff0d30a24d75"
  integrity sha512-r5p9sxJjYnArLjObpjA4xu5EKI3CuKHkJXMhT7kwbpUyIFD1n5PMAsoPvWnvtZiNz7LjkYDRZhd7FlI0eMijEA==

is-date-object@^1.0.1:
  version "1.0.1"
  resolved "https://registry.yarnpkg.com/is-date-object/-/is-date-object-1.0.1.tgz#9aa20eb6aeebbff77fbd33e74ca01b33581d3a16"
  integrity sha1-mqIOtq7rv/d/vTPnTKAbM1gdOhY=

is-generator-function@^1.0.7:
  version "1.0.7"
  resolved "https://registry.yarnpkg.com/is-generator-function/-/is-generator-function-1.0.7.tgz#d2132e529bb0000a7f80794d4bdf5cd5e5813522"
  integrity sha512-YZc5EwyO4f2kWCax7oegfuSr9mFz1ZvieNYBEjmukLxgXfBUbxAWGVF7GZf0zidYtoBl3WvC07YK0wT76a+Rtw==

is-nan@^1.2.1:
  version "1.2.1"
  resolved "https://registry.yarnpkg.com/is-nan/-/is-nan-1.2.1.tgz#9faf65b6fb6db24b7f5c0628475ea71f988401e2"
  integrity sha1-n69ltvttskt/XAYoR16nH5iEAeI=
  dependencies:
    define-properties "^1.1.1"

is-regex@^1.0.4:
  version "1.0.4"
  resolved "https://registry.yarnpkg.com/is-regex/-/is-regex-1.0.4.tgz#5517489b547091b0930e095654ced25ee97e9491"
  integrity sha1-VRdIm1RwkbCTDglWVM7SXul+lJE=
  dependencies:
    has "^1.0.1"

is-symbol@^1.0.2:
  version "1.0.3"
  resolved "https://registry.yarnpkg.com/is-symbol/-/is-symbol-1.0.3.tgz#38e1014b9e6329be0de9d24a414fd7441ec61937"
  integrity sha512-OwijhaRSgqvhm/0ZdAcXNZt9lYdKFpcRDT5ULUuYXPoT794UNOdU+gpT6Rzo7b4V2HUl/op6GqY894AZwv9faQ==
  dependencies:
    has-symbols "^1.0.1"

memory-pager@^1.0.2:
  version "1.5.0"
  resolved "https://registry.yarnpkg.com/memory-pager/-/memory-pager-1.5.0.tgz#d8751655d22d384682741c972f2c3d6dfa3e66b5"
  integrity sha512-ZS4Bp4r/Zoeq6+NLJpP+0Zzm0pR8whtGPf1XExKLJBAczGMnSi3It14OiNCStjQjM6NU1okjQGSxgEZN8eBYKg==

moment-timezone@^0.5.x:
  version "0.5.37"
  resolved "https://registry.yarnpkg.com/moment-timezone/-/moment-timezone-0.5.37.tgz#adf97f719c4e458fdb12e2b4e87b8bec9f4eef1e"
  integrity sha512-uEDzDNFhfaywRl+vwXxffjjq1q0Vzr+fcQpQ1bU0kbzorfS7zVtZnCnGc8mhWmF39d4g4YriF6kwA75mJKE/Zg==
  dependencies:
    moment ">= 2.9.0"

"moment@>= 2.9.0":
  version "2.29.4"
  resolved "https://registry.yarnpkg.com/moment/-/moment-2.29.4.tgz#3dbe052889fe7c1b2ed966fcb3a77328964ef108"
  integrity sha512-5LC9SOxjSc2HF6vO2CyuTDNivEdoz2IvyJJGj6X8DJ0eFyfszE0QiEd+iXmBvUP3WHxSjFH/vIsA0EN00cgr8w==

mongodb@^3.3.5:
  version "3.3.5"
  resolved "https://registry.yarnpkg.com/mongodb/-/mongodb-3.3.5.tgz#38d531013afede92b0dd282e3b9f3c08c9bdff3b"
  integrity sha512-6NAv5gTFdwRyVfCz+O+KDszvjpyxmZw+VlmqmqKR2GmpkeKrKFRv/ZslgTtZba2dc9JYixIf99T5Gih7TIWv7Q==
  dependencies:
    bson "^1.1.1"
    require_optional "^1.0.1"
    safe-buffer "^5.1.2"
  optionalDependencies:
    saslprep "^1.0.0"

node-fetch@^2.6.0:
  version "2.6.0"
  resolved "https://registry.yarnpkg.com/node-fetch/-/node-fetch-2.6.0.tgz#e633456386d4aa55863f676a7ab0daa8fdecb0fd"
  integrity sha512-8dG4H5ujfvFiqDmVu9fQ5bOHUC15JMjMY/Zumv26oOvvVJjM67KF8koCWIabKQ1GJIa9r2mMZscBq/TbdOcmNA==

object-inspect@^1.7.0:
  version "1.7.0"
  resolved "https://registry.yarnpkg.com/object-inspect/-/object-inspect-1.7.0.tgz#f4f6bd181ad77f006b5ece60bd0b6f398ff74a67"
  integrity sha512-a7pEHdh1xKIAgTySUGgLMx/xwDZskN1Ud6egYYN3EdRW4ZMPNEDUTF+hwy2LUC+Bl+SyLXANnwz/jyh/qutKUw==

object-is@^1.0.1:
  version "1.0.1"
  resolved "https://registry.yarnpkg.com/object-is/-/object-is-1.0.1.tgz#0aa60ec9989a0b3ed795cf4d06f62cf1ad6539b6"
  integrity sha1-CqYOyZiaCz7Xlc9NBvYs8a1lObY=

object-keys@^1.0.12, object-keys@^1.1.1:
  version "1.1.1"
  resolved "https://registry.yarnpkg.com/object-keys/-/object-keys-1.1.1.tgz#1c47f272df277f3b1daf061677d9c82e2322c60e"
  integrity sha512-NuAESUOUMrlIXOfHKzD6bpPu3tYt3xvjNdRIQ+FeT0lNb4K8WR70CaDxhuNguS2XG+GjkyMwOzsN5ZktImfhLA==

object.entries@^1.1.0:
  version "1.1.0"
  resolved "https://registry.yarnpkg.com/object.entries/-/object.entries-1.1.0.tgz#2024fc6d6ba246aee38bdb0ffd5cfbcf371b7519"
  integrity sha512-l+H6EQ8qzGRxbkHOd5I/aHRhHDKoQXQ8g0BYt4uSweQU1/J6dZUOyWh9a2Vky35YCKjzmgxOzta2hH6kf9HuXA==
  dependencies:
    define-properties "^1.1.3"
    es-abstract "^1.12.0"
    function-bind "^1.1.1"
    has "^1.0.3"

require_optional@^1.0.1:
  version "1.0.1"
  resolved "https://registry.yarnpkg.com/require_optional/-/require_optional-1.0.1.tgz#4cf35a4247f64ca3df8c2ef208cc494b1ca8fc2e"
  integrity sha512-qhM/y57enGWHAe3v/NcwML6a3/vfESLe/sGM2dII+gEO0BpKRUkWZow/tyloNqJyN6kXSl3RyyM8Ll5D/sJP8g==
  dependencies:
    resolve-from "^2.0.0"
    semver "^5.1.0"

resolve-from@^2.0.0:
  version "2.0.0"
  resolved "https://registry.yarnpkg.com/resolve-from/-/resolve-from-2.0.0.tgz#9480ab20e94ffa1d9e80a804c7ea147611966b57"
  integrity sha1-lICrIOlP+h2egKgEx+oUdhGWa1c=

safe-buffer@^5.1.2:
  version "5.2.0"
  resolved "https://registry.yarnpkg.com/safe-buffer/-/safe-buffer-5.2.0.tgz#b74daec49b1148f88c64b68d49b1e815c1f2f519"
  integrity sha512-fZEwUGbVl7kouZs1jCdMLdt95hdIv0ZeHg6L7qPeciMZhZ+/gdesW4wgTARkrFWEpspjEATAzUGPG8N2jJiwbg==

saslprep@^1.0.0:
  version "1.0.3"
  resolved "https://registry.yarnpkg.com/saslprep/-/saslprep-1.0.3.tgz#4c02f946b56cf54297e347ba1093e7acac4cf226"
  integrity sha512-/MY/PEMbk2SuY5sScONwhUDsV2p77Znkb/q3nSVstq/yQzYJOH/Azh29p9oJLsl3LnQwSvZDKagDGBsBwSooag==
  dependencies:
    sparse-bitfield "^3.0.3"

semver@^5.1.0:
  version "5.7.1"
  resolved "https://registry.yarnpkg.com/semver/-/semver-5.7.1.tgz#a954f931aeba508d307bbf069eff0c01c96116f7"
  integrity sha512-sauaDf/PZdVgrLTNYHRtpXa1iRiKcaebiKQ1BJdpQlWH2lCvexQdX55snPFyK7QzpudqbCI0qXFfOasHdyNDGQ==

sparse-bitfield@^3.0.3:
  version "3.0.3"
  resolved "https://registry.yarnpkg.com/sparse-bitfield/-/sparse-bitfield-3.0.3.tgz#ff4ae6e68656056ba4b3e792ab3334d38273ca11"
  integrity sha1-/0rm5oZWBWuks+eSqzM004JzyhE=
  dependencies:
    memory-pager "^1.0.2"

string.prototype.trimleft@^2.1.0:
  version "2.1.0"
  resolved "https://registry.yarnpkg.com/string.prototype.trimleft/-/string.prototype.trimleft-2.1.0.tgz#6cc47f0d7eb8d62b0f3701611715a3954591d634"
  integrity sha512-FJ6b7EgdKxxbDxc79cOlok6Afd++TTs5szo+zJTUyow3ycrRfJVE2pq3vcN53XexvKZu/DJMDfeI/qMiZTrjTw==
  dependencies:
    define-properties "^1.1.3"
    function-bind "^1.1.1"

string.prototype.trimright@^2.1.0:
  version "2.1.0"
  resolved "https://registry.yarnpkg.com/string.prototype.trimright/-/string.prototype.trimright-2.1.0.tgz#669d164be9df9b6f7559fa8e89945b168a5a6c58"
  integrity sha512-fXZTSV55dNBwv16uw+hh5jkghxSnc5oHq+5K/gXgizHwAvMetdAJlHqqoFC1FSDVPYWLkAKl2cxpUT41sV7nSg==
  dependencies:
    define-properties "^1.1.3"
    function-bind "^1.1.1"

util@^0.12.0:
  version "0.12.1"
  resolved "https://registry.yarnpkg.com/util/-/util-0.12.1.tgz#f908e7b633e7396c764e694dd14e716256ce8ade"
  integrity sha512-MREAtYOp+GTt9/+kwf00IYoHZyjM8VU4aVrkzUlejyqaIjd2GztVl5V9hGXKlvBKE3gENn/FMfHE5v6hElXGcQ==
  dependencies:
    inherits "^2.0.3"
    is-arguments "^1.0.4"
    is-generator-function "^1.0.7"
    object.entries "^1.1.0"
    safe-buffer "^5.1.2"
